
Microsoft Visual Studio Solution File, Format Version 12.00
# Visual Studio Version 16
VisualStudioVersion = 16.0.30621.155
MinimumVisualStudioVersion = 10.0.40219.1
Project("{8BC9CEB8-8B4A-11D0-8D11-00A0C91BC942}") = "Project 8.1-2(Char)", "Project 8.1-2(Char).vcxproj", "{6AD71FF9-0C92-486A-B48B-0F9C78CFC26C}"
EndProject
Global
	GlobalSection(SolutionConfigurationPlatforms) = preSolution
		Debug|x64 = Debug|x64
		Debug|x86 = Debug|x86
		Release|x64 = Release|x64
		Release|x86 = Release|x86
	EndGlobalSection
	GlobalSection(ProjectConfigurationPlatforms) = postSolution
		{6AD71FF9-0C92-486A-B48B-0F9C78CFC26C}.Debug|x64.ActiveCfg = Debug|x64
		{6AD71FF9-0C92-486A-B48B-0F9C78CFC26C}.Debug|x64.Build.0 = Debug|x64
		{6AD71FF9-0C92-486A-B48B-0F9C78CFC26C}.Debug|x86.ActiveCfg = Debug|Win32
		{6AD71FF9-0C92-486A-B48B-0F9C78CFC26C}.Debug|x86.Build.0 = Debug|Win32
		{6AD71FF9-0C92-486A-B48B-0F9C78CFC26C}.Release|x64.ActiveCfg = Release|x64
		{6AD71FF9-0C92-486A-B48B-0F9C78CFC26C}.Release|x64.Build.0 = Release|x64
		{6AD71FF9-0C92-486A-B48B-0F9C78CFC26C}.Release|x86.ActiveCfg = Release|Win32
		{6AD71FF9-0C92-486A-B48B-0F9C78CFC26C}.Release|x86.Build.0 = Release|Win32
	EndGlobalSection
	GlobalSection(SolutionProperties) = preSolution
		HideSolutionNode = FALSE
	EndGlobalSection
	GlobalSection(ExtensibilityGlobals) = postSolution
		SolutionGuid = {84B36594-A5BA-41F3-9AF3-DFACA5C27D3C}
	EndGlobalSection
EndGlobal
